PODS:
  - Alamofire (5.6.1)
  - SDWebImage (5.12.6):
    - SDWebImage/Core (= 5.12.6)
  - SDWebImage/Core (5.12.6)
  - SPAlert (4.2.0)

DEPENDENCIES:
  - Alamofire
  - SDWebImage
  - SPAlert

SPEC REPOS:
  trunk:
    - Alamofire
    - SDWebImage
    - SPAlert

SPEC CHECKSUMS:
  Alamofire: 87bd8c952f9a4454320fce00d9cc3de57bcadaf5
  SDWebImage: a47aea9e3d8816015db4e523daff50cfd294499d
  SPAlert: 735da1f16a887e294719217572ce1f936d8c8782

PODFILE CHECKSUM: ecac5a629f6ea45de6e4474859891b87717e7f36

COCOAPODS: 1.11.3
